
Microsoft Visual Studio Solution File, Format Version 12.00
# Visual Studio Version 17
VisualStudioVersion = 17.7.34031.279
MinimumVisualStudioVersion = 10.0.40219.1
Project("{8BC9CEB8-8B4A-11D0-8D11-00A0C91BC942}") = "VulkanLearning", "VulkanLearning\VulkanLearning.vcxproj", "{CFC0F993-8AC1-4FF6-9B07-3D73B14C4184}"
EndProject
Global
	GlobalSection(SolutionConfigurationPlatforms) = preSolution
		Debug|x64 = Debug|x64
		Debug|x86 = Debug|x86
		Release|x64 = Release|x64
		Release|x86 = Release|x86
	EndGlobalSection
	GlobalSection(ProjectConfigurationPlatforms) = postSolution
		{CFC0F993-8AC1-4FF6-9B07-3D73B14C4184}.Debug|x64.ActiveCfg = Debug|x64
		{CFC0F993-8AC1-4FF6-9B07-3D73B14C4184}.Debug|x64.Build.0 = Debug|x64
		{CFC0F993-8AC1-4FF6-9B07-3D73B14C4184}.Debug|x86.ActiveCfg = Debug|Win32
		{CFC0F993-8AC1-4FF6-9B07-3D73B14C4184}.Debug|x86.Build.0 = Debug|Win32
		{CFC0F993-8AC1-4FF6-9B07-3D73B14C4184}.Release|x64.ActiveCfg = Release|x64
		{CFC0F993-8AC1-4FF6-9B07-3D73B14C4184}.Release|x64.Build.0 = Release|x64
		{CFC0F993-8AC1-4FF6-9B07-3D73B14C4184}.Release|x86.ActiveCfg = Release|Win32
		{CFC0F993-8AC1-4FF6-9B07-3D73B14C4184}.Release|x86.Build.0 = Release|Win32
	EndGlobalSection
	GlobalSection(SolutionProperties) = preSolution
		HideSolutionNode = FALSE
	EndGlobalSection
	GlobalSection(ExtensibilityGlobals) = postSolution
		SolutionGuid = {FD5C66B3-A265-4C7E-BBA3-A16D20C86C3F}
	EndGlobalSection
EndGlobal
